{
  "object": {
    "pins": [
      {
        "package": "CGeographicLib",
        "repositoryURL": "https://github.com/firecrestHorizon/CGeographicLib.git",
        "state": {
          "branch": null,
          "revision": "80b702f8be4d63825abbaf5081109d2223d48e02",
          "version": "0.1.1"
        }
      }
    ]
  },
  "version": 1
}
