{
  "object": {
    "pins": [
      {
        "package": "CGeographicLib",
        "repositoryURL": "https://github.com/firecrestHorizon/CGeographicLib.git",
        "state": {
          "branch": "main",
          "revision": "fb69b27ae75bdf6e29ff2883317076ad8e6ac9e8",
          "version": null
        }
      }
    ]
  },
  "version": 1
}
